// !$*UTF8*$!
{
	archiveVersion = 1;
	classes = {
	};
	objectVersion = 51;
	objects = {

/* Begin PBXBuildFile section */
		2B3DFF82255AC0E700CA1A89 /* Task.swift in Sources */ = {isa = PBXBuildFile; fileRef = 2B3DFF81255AC0E700CA1A89 /* Task.swift */; };
		2B3DFF85255AC14700CA1A89 /* User.swift in Sources */ = {isa = PBXBuildFile; fileRef = 2B3DFF84255AC14700CA1A89 /* User.swift */; };
		2BAC977F2559270C00A1A3C4 /* AppDelegate.swift in Sources */ = {isa = PBXBuildFile; fileRef = 2BAC977E2559270C00A1A3C4 /* AppDelegate.swift */; };
		2BAC97812559270C00A1A3C4 /* SceneDelegate.swift in Sources */ = {isa = PBXBuildFile; fileRef = 2BAC97802559270C00A1A3C4 /* SceneDelegate.swift */; };
		2BAC97832559270C00A1A3C4 /* LoginViewController.swift in Sources */ = {isa = PBXBuildFile; fileRef = 2BAC97822559270C00A1A3C4 /* LoginViewController.swift */; };
		2BAC97862559270C00A1A3C4 /* Main.storyboard in Resources */ = {isa = PBXBuildFile; fileRef = 2BAC97842559270C00A1A3C4 /* Main.storyboard */; };
		2BAC97882559271000A1A3C4 /* Assets.xcassets in Resources */ = {isa = PBXBuildFile; fileRef = 2BAC97872559271000A1A3C4 /* Assets.xcassets */; };
		2BAC978B2559271000A1A3C4 /* LaunchScreen.storyboard in Resources */ = {isa = PBXBuildFile; fileRef = 2BAC97892559271000A1A3C4 /* LaunchScreen.storyboard */; };
		2BAC97932559360100A1A3C4 /* TasksViewController.swift in Sources */ = {isa = PBXBuildFile; fileRef = 2BAC97922559360100A1A3C4 /* TasksViewController.swift */; };
		2BAC979725594C8B00A1A3C4 /* GoogleService-Info.plist in Resources */ = {isa = PBXBuildFile; fileRef = 2BAC979625594C8B00A1A3C4 /* GoogleService-Info.plist */; };
		F2EB580B3C18FD64D9BCC14B /* Pods_ToDoListFirebase.framework in Frameworks */ = {isa = PBXBuildFile; fileRef = 39B3860536E74F12138991ED /* Pods_ToDoListFirebase.framework */; };
/* End PBXBuildFile section */

/* Begin PBXFileReference section */
		1B1E05FB4C353C2440AB45E7 /* Pods-ToDoListFirebase.release.xcconfig */ = {isa = PBXFileReference; includeInIndex = 1; lastKnownFileType = text.xcconfig; name = "Pods-ToDoListFirebase.release.xcconfig"; path = "Target Support Files/Pods-ToDoListFirebase/Pods-ToDoListFirebase.release.xcconfig"; sourceTree = "<group>"; };
		2B3DFF81255AC0E700CA1A89 /* Task.swift */ = {isa = PBXFileReference; lastKnownFileType = sourcecode.swift; path = Task.swift; sourceTree = "<group>"; };
		2B3DFF84255AC14700CA1A89 /* User.swift */ = {isa = PBXFileReference; lastKnownFileType = sourcecode.swift; path = User.swift; sourceTree = "<group>"; };
		2BAC977B2559270C00A1A3C4 /* ToDoListFirebase.app */ = {isa = PBXFileReference; explicitFileType = wrapper.application; includeInIndex = 0; path = ToDoListFirebase.app; sourceTree = BUILT_PRODUCTS_DIR; };
		2BAC977E2559270C00A1A3C4 /* AppDelegate.swift */ = {isa = PBXFileReference; lastKnownFileType = sourcecode.swift; path = AppDelegate.swift; sourceTree = "<group>"; };
		2BAC97802559270C00A1A3C4 /* SceneDelegate.swift */ = {isa = PBXFileReference; lastKnownFileType = sourcecode.swift; path = SceneDelegate.swift; sourceTree = "<group>"; };
		2BAC97822559270C00A1A3C4 /* LoginViewController.swift */ = {isa = PBXFileReference; lastKnownFileType = sourcecode.swift; path = LoginViewController.swift; sourceTree = "<group>"; };
		2BAC97852559270C00A1A3C4 /* Base */ = {isa = PBXFileReference; lastKnownFileType = file.storyboard; name = Base; path = Base.lproj/Main.storyboard; sourceTree = "<group>"; };
		2BAC97872559271000A1A3C4 /* Assets.xcassets */ = {isa = PBXFileReference; lastKnownFileType = folder.assetcatalog; path = Assets.xcassets; sourceTree = "<group>"; };
		2BAC978A2559271000A1A3C4 /* Base */ = {isa = PBXFileReference; lastKnownFileType = file.storyboard; name = Base; path = Base.lproj/LaunchScreen.storyboard; sourceTree = "<group>"; };
		2BAC978C2559271000A1A3C4 /* Info.plist */ = {isa = PBXFileReference; lastKnownFileType = text.plist.xml; path = Info.plist; sourceTree = "<group>"; };
		2BAC97922559360100A1A3C4 /* TasksViewController.swift */ = {isa = PBXFileReference; lastKnownFileType = sourcecode.swift; path = TasksViewController.swift; sourceTree = "<group>"; };
		2BAC979625594C8B00A1A3C4 /* GoogleService-Info.plist */ = {isa = PBXFileReference; fileEncoding = 4; lastKnownFileType = text.plist.xml; path = "GoogleService-Info.plist"; sourceTree = "<group>"; };
		39B3860536E74F12138991ED /* Pods_ToDoListFirebase.framework */ = {isa = PBXFileReference; explicitFileType = wrapper.framework; includeInIndex = 0; path = Pods_ToDoListFirebase.framework; sourceTree = BUILT_PRODUCTS_DIR; };
		66016EFB197B1A4B60F6CE87 /* Pods-ToDoListFirebase.debug.xcconfig */ = {isa = PBXFileReference; includeInIndex = 1; lastKnownFileType = text.xcconfig; name = "Pods-ToDoListFirebase.debug.xcconfig"; path = "Target Support Files/Pods-ToDoListFirebase/Pods-ToDoListFirebase.debug.xcconfig"; sourceTree = "<group>"; };
/* End PBXFileReference section */

/* Begin PBXFrameworksBuildPhase section */
		2BAC97782559270C00A1A3C4 /* Frameworks */ = {
			isa = PBXFrameworksBuildPhase;
			buildActionMask = 2147483647;
			files = (
				F2EB580B3C18FD64D9BCC14B /* Pods_ToDoListFirebase.framework in Frameworks */,
			);
			runOnlyForDeploymentPostprocessing = 0;
		};
/* End PBXFrameworksBuildPhase section */

/* Begin PBXGroup section */
		2B3DFF83255AC0ED00CA1A89 /* Model */ = {
			isa = PBXGroup;
			children = (
				2B3DFF81255AC0E700CA1A89 /* Task.swift */,
				2B3DFF84255AC14700CA1A89 /* User.swift */,
			);
			path = Model;
			sourceTree = "<group>";
		};
		2B3DFF86255AC14F00CA1A89 /* View */ = {
			isa = PBXGroup;
			children = (
				2BAC97842559270C00A1A3C4 /* Main.storyboard */,
			);
			path = View;
			sourceTree = "<group>";
		};
		2BAC97722559270C00A1A3C4 = {
			isa = PBXGroup;
			children = (
				2BAC977D2559270C00A1A3C4 /* ToDoListFirebase */,
				2BAC977C2559270C00A1A3C4 /* Products */,
				43E150F5B0B61635C3DB1DD1 /* Pods */,
				DD1B69DE83790990C5BDC4CB /* Frameworks */,
			);
			sourceTree = "<group>";
		};
		2BAC977C2559270C00A1A3C4 /* Products */ = {
			isa = PBXGroup;
			children = (
				2BAC977B2559270C00A1A3C4 /* ToDoListFirebase.app */,
			);
			name = Products;
			sourceTree = "<group>";
		};
		2BAC977D2559270C00A1A3C4 /* ToDoListFirebase */ = {
			isa = PBXGroup;
			children = (
				2B3DFF83255AC0ED00CA1A89 /* Model */,
				2B3DFF86255AC14F00CA1A89 /* View */,
				2BAC97952559363F00A1A3C4 /* Controllers */,
				2BAC97942559361300A1A3C4 /* Supporting files */,
			);
			path = ToDoListFirebase;
			sourceTree = "<group>";
		};
		2BAC97942559361300A1A3C4 /* Supporting files */ = {
			isa = PBXGroup;
			children = (
				2BAC977E2559270C00A1A3C4 /* AppDelegate.swift */,
				2BAC97802559270C00A1A3C4 /* SceneDelegate.swift */,
				2BAC97872559271000A1A3C4 /* Assets.xcassets */,
				2BAC97892559271000A1A3C4 /* LaunchScreen.storyboard */,
				2BAC979625594C8B00A1A3C4 /* GoogleService-Info.plist */,
				2BAC978C2559271000A1A3C4 /* Info.plist */,
			);
			path = "Supporting files";
			sourceTree = "<group>";
		};
		2BAC97952559363F00A1A3C4 /* Controllers */ = {
			isa = PBXGroup;
			children = (
				2BAC97822559270C00A1A3C4 /* LoginViewController.swift */,
				2BAC97922559360100A1A3C4 /* TasksViewController.swift */,
			);
			path = Controllers;
			sourceTree = "<group>";
		};
		43E150F5B0B61635C3DB1DD1 /* Pods */ = {
			isa = PBXGroup;
			children = (
				66016EFB197B1A4B60F6CE87 /* Pods-ToDoListFirebase.debug.xcconfig */,
				1B1E05FB4C353C2440AB45E7 /* Pods-ToDoListFirebase.release.xcconfig */,
			);
			path = Pods;
			sourceTree = "<group>";
		};
		DD1B69DE83790990C5BDC4CB /* Frameworks */ = {
			isa = PBXGroup;
			children = (
				39B3860536E74F12138991ED /* Pods_ToDoListFirebase.framework */,
			);
			name = Frameworks;
			sourceTree = "<group>";
		};
/* End PBXGroup section */

/* Begin PBXNativeTarget section */
		2BAC977A2559270C00A1A3C4 /* ToDoListFirebase */ = {
			isa = PBXNativeTarget;
			buildConfigurationList = 2BAC978F2559271000A1A3C4 /* Build configuration list for PBXNativeTarget "ToDoListFirebase" */;
			buildPhases = (
				A982752C83DB84DD248B8000 /* [CP] Check Pods Manifest.lock */,
				2BAC97772559270C00A1A3C4 /* Sources */,
				2BAC97782559270C00A1A3C4 /* Frameworks */,
				2BAC97792559270C00A1A3C4 /* Resources */,
				10D959CD151120CF8997C012 /* [CP] Embed Pods Frameworks */,
			);
			buildRules = (
			);
			dependencies = (
			);
			name = ToDoListFirebase;
			productName = ToDoListFirebase;
			productReference = 2BAC977B2559270C00A1A3C4 /* ToDoListFirebase.app */;
			productType = "com.apple.product-type.application";
		};
/* End PBXNativeTarget section */

/* Begin PBXProject section */
		2BAC97732559270C00A1A3C4 /* Project object */ = {
			isa = PBXProject;
			attributes = {
				LastSwiftUpdateCheck = 1120;
				LastUpgradeCheck = 1210;
				ORGANIZATIONNAME = "Николаев Никита";
				TargetAttributes = {
					2BAC977A2559270C00A1A3C4 = {
						CreatedOnToolsVersion = 11.2.1;
					};
				};
			};
			buildConfigurationList = 2BAC97762559270C00A1A3C4 /* Build configuration list for PBXProject "ToDoListFirebase" */;
			compatibilityVersion = "Xcode 9.3";
			developmentRegion = en;
			hasScannedForEncodings = 0;
			knownRegions = (
				en,
				Base,
			);
			mainGroup = 2BAC97722559270C00A1A3C4;
			productRefGroup = 2BAC977C2559270C00A1A3C4 /* Products */;
			projectDirPath = "";
			projectRoot = "";
			targets = (
				2BAC977A2559270C00A1A3C4 /* ToDoListFirebase */,
			);
		};
/* End PBXProject section */

/* Begin PBXResourcesBuildPhase section */
		2BAC97792559270C00A1A3C4 /* Resources */ = {
			isa = PBXResourcesBuildPhase;
			buildActionMask = 2147483647;
			files = (
				2BAC978B2559271000A1A3C4 /* LaunchScreen.storyboard in Resources */,
				2BAC979725594C8B00A1A3C4 /* GoogleService-Info.plist in Resources */,
				2BAC97882559271000A1A3C4 /* Assets.xcassets in Resources */,
				2BAC97862559270C00A1A3C4 /* Main.storyboard in Resources */,
			);
			runOnlyForDeploymentPostprocessing = 0;
		};
/* End PBXResourcesBuildPhase section */

/* Begin PBXShellScriptBuildPhase section */
		10D959CD151120CF8997C012 /* [CP] Embed Pods Frameworks */ = {
			isa = PBXShellScriptBuildPhase;
			buildActionMask = 2147483647;
			files = (
			);
			inputFileListPaths = (
				"${PODS_ROOT}/Target Support Files/Pods-ToDoListFirebase/Pods-ToDoListFirebase-frameworks-${CONFIGURATION}-input-files.xcfilelist",
			);
			name = "[CP] Embed Pods Frameworks";
			outputFileListPaths = (
				"${PODS_ROOT}/Target Support Files/Pods-ToDoListFirebase/Pods-ToDoListFirebase-frameworks-${CONFIGURATION}-output-files.xcfilelist",
			);
			runOnlyForDeploymentPostprocessing = 0;
			shellPath = /bin/sh;
			shellScript = "\"${PODS_ROOT}/Target Support Files/Pods-ToDoListFirebase/Pods-ToDoListFirebase-frameworks.sh\"\n";
			showEnvVarsInLog = 0;
		};
		A982752C83DB84DD248B8000 /* [CP] Check Pods Manifest.lock */ = {
			isa = PBXShellScriptBuildPhase;
			buildActionMask = 2147483647;
			files = (
			);
			inputFileListPaths = (
			);
			inputPaths = (
				"${PODS_PODFILE_DIR_PATH}/Podfile.lock",
				"${PODS_ROOT}/Manifest.lock",
			);
			name = "[CP] Check Pods Manifest.lock";
			outputFileListPaths = (
			);
			outputPaths = (
				"$(DERIVED_FILE_DIR)/Pods-ToDoListFirebase-checkManifestLockResult.txt",
			);
			runOnlyForDeploymentPostprocessing = 0;
			shellPath = /bin/sh;
			shellScript = "diff \"${PODS_PODFILE_DIR_PATH}/Podfile.lock\" \"${PODS_ROOT}/Manifest.lock\" > /dev/null\nif [ $? != 0 ] ; then\n    # print error to STDERR\n    echo \"error: The sandbox is not in sync with the Podfile.lock. Run 'pod install' or update your CocoaPods installation.\" >&2\n    exit 1\nfi\n# This output is used by Xcode 'outputs' to avoid re-running this script phase.\necho \"SUCCESS\" > \"${SCRIPT_OUTPUT_FILE_0}\"\n";
			showEnvVarsInLog = 0;
		};
/* End PBXShellScriptBuildPhase section */

/* Begin PBXSourcesBuildPhase section */
		2BAC97772559270C00A1A3C4 /* Sources */ = {
			isa = PBXSourcesBuildPhase;
			buildActionMask = 2147483647;
			files = (
				2BAC97832559270C00A1A3C4 /* LoginViewController.swift in Sources */,
				2BAC97932559360100A1A3C4 /* TasksViewController.swift in Sources */,
				2B3DFF85255AC14700CA1A89 /* User.swift in Sources */,
				2B3DFF82255AC0E700CA1A89 /* Task.swift in Sources */,
				2BAC977F2559270C00A1A3C4 /* AppDelegate.swift in Sources */,
				2BAC97812559270C00A1A3C4 /* SceneDelegate.swift in Sources */,
			);
			runOnlyForDeploymentPostprocessing = 0;
		};
/* End PBXSourcesBuildPhase section */

/* Begin PBXVariantGroup section */
		2BAC97842559270C00A1A3C4 /* Main.storyboard */ = {
			isa = PBXVariantGroup;
			children = (
				2BAC97852559270C00A1A3C4 /* Base */,
			);
			name = Main.storyboard;
			sourceTree = "<group>";
		};
		2BAC97892559271000A1A3C4 /* LaunchScreen.storyboard */ = {
			isa = PBXVariantGroup;
			children = (
				2BAC978A2559271000A1A3C4 /* Base */,
			);
			name = LaunchScreen.storyboard;
			sourceTree = "<group>";
		};
/* End PBXVariantGroup section */

/* Begin XCBuildConfiguration section */
		2BAC978D2559271000A1A3C4 /* Debug */ = {
			isa = XCBuildConfiguration;
			buildSettings = {
				ALWAYS_SEARCH_USER_PATHS = NO;
				CLANG_ANALYZER_NONNULL = YES;
				CLANG_ANALYZER_NUMBER_OBJECT_CONVERSION = YES_AGGRESSIVE;
				CLANG_CXX_LANGUAGE_STANDARD = "gnu++14";
				CLANG_CXX_LIBRARY = "libc++";
				CLANG_ENABLE_MODULES = YES;
				CLANG_ENABLE_OBJC_ARC = YES;
				CLANG_ENABLE_OBJC_WEAK = YES;
				CLANG_WARN_BLOCK_CAPTURE_AUTORELEASING = YES;
				CLANG_WARN_BOOL_CONVERSION = YES;
				CLANG_WARN_COMMA = YES;
				CLANG_WARN_CONSTANT_CONVERSION = YES;
				CLANG_WARN_DEPRECATED_OBJC_IMPLEMENTATIONS = YES;
				CLANG_WARN_DIRECT_OBJC_ISA_USAGE = YES_ERROR;
				CLANG_WARN_DOCUMENTATION_COMMENTS = YES;
				CLANG_WARN_EMPTY_BODY = YES;
				CLANG_WARN_ENUM_CONVERSION = YES;
				CLANG_WARN_INFINITE_RECURSION = YES;
				CLANG_WARN_INT_CONVERSION = YES;
				CLANG_WARN_NON_LITERAL_NULL_CONVERSION = YES;
				CLANG_WARN_OBJC_IMPLICIT_RETAIN_SELF = YES;
				CLANG_WARN_OBJC_LITERAL_CONVERSION = YES;
				CLANG_WARN_OBJC_ROOT_CLASS = YES_ERROR;
				CLANG_WARN_QUOTED_INCLUDE_IN_FRAMEWORK_HEADER = YES;
				CLANG_WARN_RANGE_LOOP_ANALYSIS = YES;
				CLANG_WARN_STRICT_PROTOTYPES = YES;
				CLANG_WARN_SUSPICIOUS_MOVE = YES;
				CLANG_WARN_UNGUARDED_AVAILABILITY = YES_AGGRESSIVE;
				CLANG_WARN_UNREACHABLE_CODE = YES;
				CLANG_WARN__DUPLICATE_METHOD_MATCH = YES;
				COPY_PHASE_STRIP = NO;
				DEBUG_INFORMATION_FORMAT = dwarf;
				ENABLE_STRICT_OBJC_MSGSEND = YES;
				ENABLE_TESTABILITY = YES;
				GCC_C_LANGUAGE_STANDARD = gnu11;
				GCC_DYNAMIC_NO_PIC = NO;
				GCC_NO_COMMON_BLOCKS = YES;
				GCC_OPTIMIZATION_LEVEL = 0;
				GCC_PREPROCESSOR_DEFINITIONS = (
					"DEBUG=1",
					"$(inherited)",
				);
				GCC_WARN_64_TO_32_BIT_CONVERSION = YES;
				GCC_WARN_ABOUT_RETURN_TYPE = YES_ERROR;
				GCC_WARN_UNDECLARED_SELECTOR = YES;
				GCC_WARN_UNINITIALIZED_AUTOS = YES_AGGRESSIVE;
				GCC_WARN_UNUSED_FUNCTION = YES;
				GCC_WARN_UNUSED_VARIABLE = YES;
				IPHONEOS_DEPLOYMENT_TARGET = 13.2;
				MTL_ENABLE_DEBUG_INFO = INCLUDE_SOURCE;
				MTL_FAST_MATH = YES;
				ONLY_ACTIVE_ARCH = YES;
				SDKROOT = iphoneos;
				SWIFT_ACTIVE_COMPILATION_CONDITIONS = DEBUG;
				SWIFT_OPTIMIZATION_LEVEL = "-Onone";
			};
			name = Debug;
		};
		2BAC978E2559271000A1A3C4 /* Release */ = {
			isa = XCBuildConfiguration;
			buildSettings = {
				ALWAYS_SEARCH_USER_PATHS = NO;
				CLANG_ANALYZER_NONNULL = YES;
				CLANG_ANALYZER_NUMBER_OBJECT_CONVERSION = YES_AGGRESSIVE;
				CLANG_CXX_LANGUAGE_STANDARD = "gnu++14";
				CLANG_CXX_LIBRARY = "libc++";
				CLANG_ENABLE_MODULES = YES;
				CLANG_ENABLE_OBJC_ARC = YES;
				CLANG_ENABLE_OBJC_WEAK = YES;
				CLANG_WARN_BLOCK_CAPTURE_AUTORELEASING = YES;
				CLANG_WARN_BOOL_CONVERSION = YES;
				CLANG_WARN_COMMA = YES;
				CLANG_WARN_CONSTANT_CONVERSION = YES;
				CLANG_WARN_DEPRECATED_OBJC_IMPLEMENTATIONS = YES;
				CLANG_WARN_DIRECT_OBJC_ISA_USAGE = YES_ERROR;
				CLANG_WARN_DOCUMENTATION_COMMENTS = YES;
				CLANG_WARN_EMPTY_BODY = YES;
				CLANG_WARN_ENUM_CONVERSION = YES;
				CLANG_WARN_INFINITE_RECURSION = YES;
				CLANG_WARN_INT_CONVERSION = YES;
				CLANG_WARN_NON_LITERAL_NULL_CONVERSION = YES;
				CLANG_WARN_OBJC_IMPLICIT_RETAIN_SELF = YES;
				CLANG_WARN_OBJC_LITERAL_CONVERSION = YES;
				CLANG_WARN_OBJC_ROOT_CLASS = YES_ERROR;
				CLANG_WARN_QUOTED_INCLUDE_IN_FRAMEWORK_HEADER = YES;
				CLANG_WARN_RANGE_LOOP_ANALYSIS = YES;
				CLANG_WARN_STRICT_PROTOTYPES = YES;
				CLANG_WARN_SUSPICIOUS_MOVE = YES;
				CLANG_WARN_UNGUARDED_AVAILABILITY = YES_AGGRESSIVE;
				CLANG_WARN_UNREACHABLE_CODE = YES;
				CLANG_WARN__DUPLICATE_METHOD_MATCH = YES;
				COPY_PHASE_STRIP = NO;
				DEBUG_INFORMATION_FORMAT = "dwarf-with-dsym";
				ENABLE_NS_ASSERTIONS = NO;
				ENABLE_STRICT_OBJC_MSGSEND = YES;
				GCC_C_LANGUAGE_STANDARD = gnu11;
				GCC_NO_COMMON_BLOCKS = YES;
				GCC_WARN_64_TO_32_BIT_CONVERSION = YES;
				GCC_WARN_ABOUT_RETURN_TYPE = YES_ERROR;
				GCC_WARN_UNDECLARED_SELECTOR = YES;
				GCC_WARN_UNINITIALIZED_AUTOS = YES_AGGRESSIVE;
				GCC_WARN_UNUSED_FUNCTION = YES;
				GCC_WARN_UNUSED_VARIABLE = YES;
				IPHONEOS_DEPLOYMENT_TARGET = 13.2;
				MTL_ENABLE_DEBUG_INFO = NO;
				MTL_FAST_MATH = YES;
				SDKROOT = iphoneos;
				SWIFT_COMPILATION_MODE = wholemodule;
				SWIFT_OPTIMIZATION_LEVEL = "-O";
				VALIDATE_PRODUCT = YES;
			};
			name = Release;
		};
		2BAC97902559271000A1A3C4 /* Debug */ = {
			isa = XCBuildConfiguration;
			baseConfigurationReference = 66016EFB197B1A4B60F6CE87 /* Pods-ToDoListFirebase.debug.xcconfig */;
			buildSettings = {
				ASSETCATALOG_COMPILER_APPICON_NAME = AppIcon;
				CODE_SIGN_STYLE = Automatic;
				DEVELOPMENT_TEAM = RJ4445TKU6;
				INFOPLIST_FILE = "ToDoListFirebase/Supporting files/Info.plist";
				LD_RUNPATH_SEARCH_PATHS = (
					"$(inherited)",
					"@executable_path/Frameworks",
				);
				PRODUCT_BUNDLE_IDENTIFIER = com.example.ToDoListFirebase;
				PRODUCT_NAME = "$(TARGET_NAME)";
				SWIFT_VERSION = 5.0;
				TARGETED_DEVICE_FAMILY = "1,2";
			};
			name = Debug;
		};
		2BAC97912559271000A1A3C4 /* Release */ = {
			isa = XCBuildConfiguration;
			baseConfigurationReference = 1B1E05FB4C353C2440AB45E7 /* Pods-ToDoListFirebase.release.xcconfig */;
			buildSettings = {
				ASSETCATALOG_COMPILER_APPICON_NAME = AppIcon;
				CODE_SIGN_STYLE = Automatic;
				DEVELOPMENT_TEAM = RJ4445TKU6;
				INFOPLIST_FILE = "ToDoListFirebase/Supporting files/Info.plist";
				LD_RUNPATH_SEARCH_PATHS = (
					"$(inherited)",
					"@executable_path/Frameworks",
				);
				PRODUCT_BUNDLE_IDENTIFIER = com.example.ToDoListFirebase;
				PRODUCT_NAME = "$(TARGET_NAME)";
				SWIFT_VERSION = 5.0;
				TARGETED_DEVICE_FAMILY = "1,2";
			};
			name = Release;
		};
/* End XCBuildConfiguration section */

/* Begin XCConfigurationList section */
		2BAC97762559270C00A1A3C4 /* Build configuration list for PBXProject "ToDoListFirebase" */ = {
			isa = XCConfigurationList;
			buildConfigurations = (
				2BAC978D2559271000A1A3C4 /* Debug */,
				2BAC978E2559271000A1A3C4 /* Release */,
			);
			defaultConfigurationIsVisible = 0;
			defaultConfigurationName = Release;
		};
		2BAC978F2559271000A1A3C4 /* Build configuration list for PBXNativeTarget "ToDoListFirebase" */ = {
			isa = XCConfigurationList;
			buildConfigurations = (
				2BAC97902559271000A1A3C4 /* Debug */,
				2BAC97912559271000A1A3C4 /* Release */,
			);
			defaultConfigurationIsVisible = 0;
			defaultConfigurationName = Release;
		};
/* End XCConfigurationList section */
	};
	rootObject = 2BAC97732559270C00A1A3C4 /* Project object */;
}
